
Microsoft Visual Studio Solution File, Format Version 12.00
# Visual Studio Version 17
VisualStudioVersion = 17.14.36414.22
MinimumVisualStudioVersion = 10.0.40219.1
Project("{8BC9CEB8-8B4A-11D0-8D11-00A0C91BC942}") = "Project32.Core", "Project32.Core\Project32.Core.vcxproj", "{109BC2D9-AB4A-46E7-933A-5B93DA5F3405}"
EndProject
Project("{8BC9CEB8-8B4A-11D0-8D11-00A0C91BC942}") = "Project32.App", "Project32.App\Project32.App.vcxproj", "{72299B6C-AB7D-4590-AB48-E6B414A12528}"
	ProjectSection(ProjectDependencies) = postProject
		{109BC2D9-AB4A-46E7-933A-5B93DA5F3405} = {109BC2D9-AB4A-46E7-933A-5B93DA5F3405}
	EndProjectSection
EndProject
Project("{8BC9CEB8-8B4A-11D0-8D11-00A0C91BC942}") = "Project32.API", "Project32.API\Project32.API.vcxproj", "{BEA79D66-666B-4F9F-9394-E84E3C246FE2}"
EndProject
Global
	GlobalSection(SolutionConfigurationPlatforms) = preSolution
		Debug|x64 = Debug|x64
		Debug|x86 = Debug|x86
		Release|x64 = Release|x64
		Release|x86 = Release|x86
	EndGlobalSection
	GlobalSection(ProjectConfigurationPlatforms) = postSolution
		{109BC2D9-AB4A-46E7-933A-5B93DA5F3405}.Debug|x64.ActiveCfg = Debug|x64
		{109BC2D9-AB4A-46E7-933A-5B93DA5F3405}.Debug|x64.Build.0 = Debug|x64
		{109BC2D9-AB4A-46E7-933A-5B93DA5F3405}.Debug|x86.ActiveCfg = Debug|Win32
		{109BC2D9-AB4A-46E7-933A-5B93DA5F3405}.Debug|x86.Build.0 = Debug|Win32
		{109BC2D9-AB4A-46E7-933A-5B93DA5F3405}.Release|x64.ActiveCfg = Release|x64
		{109BC2D9-AB4A-46E7-933A-5B93DA5F3405}.Release|x64.Build.0 = Release|x64
		{109BC2D9-AB4A-46E7-933A-5B93DA5F3405}.Release|x86.ActiveCfg = Release|Win32
		{109BC2D9-AB4A-46E7-933A-5B93DA5F3405}.Release|x86.Build.0 = Release|Win32
		{72299B6C-AB7D-4590-AB48-E6B414A12528}.Debug|x64.ActiveCfg = Debug|x64
		{72299B6C-AB7D-4590-AB48-E6B414A12528}.Debug|x64.Build.0 = Debug|x64
		{72299B6C-AB7D-4590-AB48-E6B414A12528}.Debug|x86.ActiveCfg = Debug|Win32
		{72299B6C-AB7D-4590-AB48-E6B414A12528}.Debug|x86.Build.0 = Debug|Win32
		{72299B6C-AB7D-4590-AB48-E6B414A12528}.Release|x64.ActiveCfg = Release|x64
		{72299B6C-AB7D-4590-AB48-E6B414A12528}.Release|x64.Build.0 = Release|x64
		{72299B6C-AB7D-4590-AB48-E6B414A12528}.Release|x86.ActiveCfg = Release|Win32
		{72299B6C-AB7D-4590-AB48-E6B414A12528}.Release|x86.Build.0 = Release|Win32
		{BEA79D66-666B-4F9F-9394-E84E3C246FE2}.Debug|x64.ActiveCfg = Debug|x64
		{BEA79D66-666B-4F9F-9394-E84E3C246FE2}.Debug|x64.Build.0 = Debug|x64
		{BEA79D66-666B-4F9F-9394-E84E3C246FE2}.Debug|x86.ActiveCfg = Debug|Win32
		{BEA79D66-666B-4F9F-9394-E84E3C246FE2}.Debug|x86.Build.0 = Debug|Win32
		{BEA79D66-666B-4F9F-9394-E84E3C246FE2}.Release|x64.ActiveCfg = Release|x64
		{BEA79D66-666B-4F9F-9394-E84E3C246FE2}.Release|x64.Build.0 = Release|x64
		{BEA79D66-666B-4F9F-9394-E84E3C246FE2}.Release|x86.ActiveCfg = Release|Win32
		{BEA79D66-666B-4F9F-9394-E84E3C246FE2}.Release|x86.Build.0 = Release|Win32
	EndGlobalSection
	GlobalSection(SolutionProperties) = preSolution
		HideSolutionNode = FALSE
	EndGlobalSection
	GlobalSection(ExtensibilityGlobals) = postSolution
		SolutionGuid = {ED731A28-7B3B-4FEA-97F0-A58E80297FA8}
	EndGlobalSection
EndGlobal
