
Microsoft Visual Studio Solution File, Format Version 12.00
# Visual Studio Version 17
VisualStudioVersion = 17.14.36414.22
MinimumVisualStudioVersion = 10.0.40219.1
Project("{8BC9CEB8-8B4A-11D0-8D11-00A0C91BC942}") = "Project32.Core", "Project32.Core\Project32.Core.vcxproj", "{109BC2D9-AB4A-46E7-933A-5B93DA5F3405}"
EndProject
Project("{8BC9CEB8-8B4A-11D0-8D11-00A0C91BC942}") = "Project32.App", "Project32.App\Project32.App.vcxproj", "{72299B6C-AB7D-4590-AB48-E6B414A12528}"
	ProjectSection(ProjectDependencies) = postProject
		{109BC2D9-AB4A-46E7-933A-5B93DA5F3405} = {109BC2D9-AB4A-46E7-933A-5B93DA5F3405}
	EndProjectSection
EndProject
Project("{8BC9CEB8-8B4A-11D0-8D11-00A0C91BC942}") = "Project32.API", "Project32.API\Project32.API.vcxproj", "{BEA79D66-666B-4F9F-9394-E84E3C246FE2}"
EndProject
Project("{8BC9CEB8-8B4A-11D0-8D11-00A0C91BC942}") = "Project32.Editor", "Project32.Editor\Project32.Editor.vcxproj", "{9BB9E22A-679B-465A-9B03-2C6210716948}"
EndProject
Project("{8BC9CEB8-8B4A-11D0-8D11-00A0C91BC942}") = "Project32.Renderer.Core", "Project32.Renderer\Project32.Renderer.vcxproj", "{6F431430-FAE9-4B2F-AA56-B7C8E25F5EDD}"
EndProject
Project("{2150E333-8FDC-42A3-9474-1A3956D46DE8}") = "Project32.Renderer", "Project32.Renderer", "{02EA681E-C7D8-13C7-8484-4AC65E1B71E8}"
EndProject
Project("{8BC9CEB8-8B4A-11D0-8D11-00A0C91BC942}") = "Project32.Renderer.OpenGL", "Project32.Renderer.OpenGL\Project32.Renderer.OpenGL.vcxproj", "{564BB517-6984-439E-9BBB-1CBBA239BF57}"
EndProject
Project("{8BC9CEB8-8B4A-11D0-8D11-00A0C91BC942}") = "Project32.Renderer.Vulkan", "Project32.Renderer.Vulkan\Project32.Renderer.Vulkan.vcxproj", "{4312D519-8009-4CFC-B3CC-9883737DAB51}"
EndProject
Project("{8BC9CEB8-8B4A-11D0-8D11-00A0C91BC942}") = "Project32.Renderer.DX12", "Project32.Renderer.DX12\Project32.Renderer.DX12.vcxproj", "{E21B15D7-87B8-4F65-B3E0-46D9534FE01B}"
EndProject
Global
	GlobalSection(SolutionConfigurationPlatforms) = preSolution
		Debug|x64 = Debug|x64
		Debug|x86 = Debug|x86
		Release|x64 = Release|x64
		Release|x86 = Release|x86
	EndGlobalSection
	GlobalSection(ProjectConfigurationPlatforms) = postSolution
		{109BC2D9-AB4A-46E7-933A-5B93DA5F3405}.Debug|x64.ActiveCfg = Debug|x64
		{109BC2D9-AB4A-46E7-933A-5B93DA5F3405}.Debug|x64.Build.0 = Debug|x64
		{109BC2D9-AB4A-46E7-933A-5B93DA5F3405}.Debug|x86.ActiveCfg = Debug|Win32
		{109BC2D9-AB4A-46E7-933A-5B93DA5F3405}.Debug|x86.Build.0 = Debug|Win32
		{109BC2D9-AB4A-46E7-933A-5B93DA5F3405}.Release|x64.ActiveCfg = Release|x64
		{109BC2D9-AB4A-46E7-933A-5B93DA5F3405}.Release|x64.Build.0 = Release|x64
		{109BC2D9-AB4A-46E7-933A-5B93DA5F3405}.Release|x86.ActiveCfg = Release|Win32
		{109BC2D9-AB4A-46E7-933A-5B93DA5F3405}.Release|x86.Build.0 = Release|Win32
		{72299B6C-AB7D-4590-AB48-E6B414A12528}.Debug|x64.ActiveCfg = Debug|x64
		{72299B6C-AB7D-4590-AB48-E6B414A12528}.Debug|x64.Build.0 = Debug|x64
		{72299B6C-AB7D-4590-AB48-E6B414A12528}.Debug|x86.ActiveCfg = Debug|Win32
		{72299B6C-AB7D-4590-AB48-E6B414A12528}.Debug|x86.Build.0 = Debug|Win32
		{72299B6C-AB7D-4590-AB48-E6B414A12528}.Release|x64.ActiveCfg = Release|x64
		{72299B6C-AB7D-4590-AB48-E6B414A12528}.Release|x64.Build.0 = Release|x64
		{72299B6C-AB7D-4590-AB48-E6B414A12528}.Release|x86.ActiveCfg = Release|Win32
		{72299B6C-AB7D-4590-AB48-E6B414A12528}.Release|x86.Build.0 = Release|Win32
		{BEA79D66-666B-4F9F-9394-E84E3C246FE2}.Debug|x64.ActiveCfg = Debug|x64
		{BEA79D66-666B-4F9F-9394-E84E3C246FE2}.Debug|x64.Build.0 = Debug|x64
		{BEA79D66-666B-4F9F-9394-E84E3C246FE2}.Debug|x86.ActiveCfg = Debug|Win32
		{BEA79D66-666B-4F9F-9394-E84E3C246FE2}.Debug|x86.Build.0 = Debug|Win32
		{BEA79D66-666B-4F9F-9394-E84E3C246FE2}.Release|x64.ActiveCfg = Release|x64
		{BEA79D66-666B-4F9F-9394-E84E3C246FE2}.Release|x64.Build.0 = Release|x64
		{BEA79D66-666B-4F9F-9394-E84E3C246FE2}.Release|x86.ActiveCfg = Release|Win32
		{BEA79D66-666B-4F9F-9394-E84E3C246FE2}.Release|x86.Build.0 = Release|Win32
		{9BB9E22A-679B-465A-9B03-2C6210716948}.Debug|x64.ActiveCfg = Debug|x64
		{9BB9E22A-679B-465A-9B03-2C6210716948}.Debug|x64.Build.0 = Debug|x64
		{9BB9E22A-679B-465A-9B03-2C6210716948}.Debug|x86.ActiveCfg = Debug|Win32
		{9BB9E22A-679B-465A-9B03-2C6210716948}.Debug|x86.Build.0 = Debug|Win32
		{9BB9E22A-679B-465A-9B03-2C6210716948}.Release|x64.ActiveCfg = Release|x64
		{9BB9E22A-679B-465A-9B03-2C6210716948}.Release|x64.Build.0 = Release|x64
		{9BB9E22A-679B-465A-9B03-2C6210716948}.Release|x86.ActiveCfg = Release|Win32
		{9BB9E22A-679B-465A-9B03-2C6210716948}.Release|x86.Build.0 = Release|Win32
		{6F431430-FAE9-4B2F-AA56-B7C8E25F5EDD}.Debug|x64.ActiveCfg = Debug|x64
		{6F431430-FAE9-4B2F-AA56-B7C8E25F5EDD}.Debug|x64.Build.0 = Debug|x64
		{6F431430-FAE9-4B2F-AA56-B7C8E25F5EDD}.Debug|x86.ActiveCfg = Debug|Win32
		{6F431430-FAE9-4B2F-AA56-B7C8E25F5EDD}.Debug|x86.Build.0 = Debug|Win32
		{6F431430-FAE9-4B2F-AA56-B7C8E25F5EDD}.Release|x64.ActiveCfg = Release|x64
		{6F431430-FAE9-4B2F-AA56-B7C8E25F5EDD}.Release|x64.Build.0 = Release|x64
		{6F431430-FAE9-4B2F-AA56-B7C8E25F5EDD}.Release|x86.ActiveCfg = Release|Win32
		{6F431430-FAE9-4B2F-AA56-B7C8E25F5EDD}.Release|x86.Build.0 = Release|Win32
		{564BB517-6984-439E-9BBB-1CBBA239BF57}.Debug|x64.ActiveCfg = Debug|x64
		{564BB517-6984-439E-9BBB-1CBBA239BF57}.Debug|x64.Build.0 = Debug|x64
		{564BB517-6984-439E-9BBB-1CBBA239BF57}.Debug|x86.ActiveCfg = Debug|Win32
		{564BB517-6984-439E-9BBB-1CBBA239BF57}.Debug|x86.Build.0 = Debug|Win32
		{564BB517-6984-439E-9BBB-1CBBA239BF57}.Release|x64.ActiveCfg = Release|x64
		{564BB517-6984-439E-9BBB-1CBBA239BF57}.Release|x64.Build.0 = Release|x64
		{564BB517-6984-439E-9BBB-1CBBA239BF57}.Release|x86.ActiveCfg = Release|Win32
		{564BB517-6984-439E-9BBB-1CBBA239BF57}.Release|x86.Build.0 = Release|Win32
		{4312D519-8009-4CFC-B3CC-9883737DAB51}.Debug|x64.ActiveCfg = Debug|x64
		{4312D519-8009-4CFC-B3CC-9883737DAB51}.Debug|x64.Build.0 = Debug|x64
		{4312D519-8009-4CFC-B3CC-9883737DAB51}.Debug|x86.ActiveCfg = Debug|Win32
		{4312D519-8009-4CFC-B3CC-9883737DAB51}.Debug|x86.Build.0 = Debug|Win32
		{4312D519-8009-4CFC-B3CC-9883737DAB51}.Release|x64.ActiveCfg = Release|x64
		{4312D519-8009-4CFC-B3CC-9883737DAB51}.Release|x64.Build.0 = Release|x64
		{4312D519-8009-4CFC-B3CC-9883737DAB51}.Release|x86.ActiveCfg = Release|Win32
		{4312D519-8009-4CFC-B3CC-9883737DAB51}.Release|x86.Build.0 = Release|Win32
		{E21B15D7-87B8-4F65-B3E0-46D9534FE01B}.Debug|x64.ActiveCfg = Debug|x64
		{E21B15D7-87B8-4F65-B3E0-46D9534FE01B}.Debug|x64.Build.0 = Debug|x64
		{E21B15D7-87B8-4F65-B3E0-46D9534FE01B}.Debug|x86.ActiveCfg = Debug|Win32
		{E21B15D7-87B8-4F65-B3E0-46D9534FE01B}.Debug|x86.Build.0 = Debug|Win32
		{E21B15D7-87B8-4F65-B3E0-46D9534FE01B}.Release|x64.ActiveCfg = Release|x64
		{E21B15D7-87B8-4F65-B3E0-46D9534FE01B}.Release|x64.Build.0 = Release|x64
		{E21B15D7-87B8-4F65-B3E0-46D9534FE01B}.Release|x86.ActiveCfg = Release|Win32
		{E21B15D7-87B8-4F65-B3E0-46D9534FE01B}.Release|x86.Build.0 = Release|Win32
	EndGlobalSection
	GlobalSection(SolutionProperties) = preSolution
		HideSolutionNode = FALSE
	EndGlobalSection
	GlobalSection(NestedProjects) = preSolution
		{6F431430-FAE9-4B2F-AA56-B7C8E25F5EDD} = {02EA681E-C7D8-13C7-8484-4AC65E1B71E8}
		{564BB517-6984-439E-9BBB-1CBBA239BF57} = {02EA681E-C7D8-13C7-8484-4AC65E1B71E8}
		{4312D519-8009-4CFC-B3CC-9883737DAB51} = {02EA681E-C7D8-13C7-8484-4AC65E1B71E8}
		{E21B15D7-87B8-4F65-B3E0-46D9534FE01B} = {02EA681E-C7D8-13C7-8484-4AC65E1B71E8}
	EndGlobalSection
	GlobalSection(ExtensibilityGlobals) = postSolution
		SolutionGuid = {ED731A28-7B3B-4FEA-97F0-A58E80297FA8}
	EndGlobalSection
EndGlobal
