
Microsoft Visual Studio Solution File, Format Version 12.00
# Visual Studio Version 17
VisualStudioVersion = 17.14.36414.22
MinimumVisualStudioVersion = 10.0.40219.1
Project("{8BC9CEB8-8B4A-11D0-8D11-00A0C91BC942}") = "Project32", "Project32\Suffring Rock.vcxproj", "{5003FD1D-E230-4CD9-8ABC-5F1B75E13416}"
EndProject
Global
	GlobalSection(SolutionConfigurationPlatforms) = preSolution
		Debug|x64 = Debug|x64
		Debug|x86 = Debug|x86
		Release|x64 = Release|x64
		Release|x86 = Release|x86
	EndGlobalSection
	GlobalSection(ProjectConfigurationPlatforms) = postSolution
		{5003FD1D-E230-4CD9-8ABC-5F1B75E13416}.Debug|x64.ActiveCfg = Debug|x64
		{5003FD1D-E230-4CD9-8ABC-5F1B75E13416}.Debug|x64.Build.0 = Debug|x64
		{5003FD1D-E230-4CD9-8ABC-5F1B75E13416}.Debug|x86.ActiveCfg = Debug|Win32
		{5003FD1D-E230-4CD9-8ABC-5F1B75E13416}.Debug|x86.Build.0 = Debug|Win32
		{5003FD1D-E230-4CD9-8ABC-5F1B75E13416}.Release|x64.ActiveCfg = Release|x64
		{5003FD1D-E230-4CD9-8ABC-5F1B75E13416}.Release|x64.Build.0 = Release|x64
		{5003FD1D-E230-4CD9-8ABC-5F1B75E13416}.Release|x86.ActiveCfg = Release|Win32
		{5003FD1D-E230-4CD9-8ABC-5F1B75E13416}.Release|x86.Build.0 = Release|Win32
	EndGlobalSection
	GlobalSection(SolutionProperties) = preSolution
		HideSolutionNode = FALSE
	EndGlobalSection
	GlobalSection(ExtensibilityGlobals) = postSolution
		SolutionGuid = {ED731A28-7B3B-4FEA-97F0-A58E80297FA8}
	EndGlobalSection
EndGlobal
