<?xml version="1.0" encoding="utf-8"?>
<Project ToolsVersion="4.0" xmlns="http://schemas.microsoft.com/developer/msbuild/2003">
  <ItemGroup>
    <Filter Include="Source Files">
      <UniqueIdentifier>{4FC737F1-C7A5-4376-A066-2A32D752A2FF}</UniqueIdentifier>
      <Extensions>cpp;c;cc;cxx;c++;cppm;ixx;def;odl;idl;hpj;bat;asm;asmx</Extensions>
    </Filter>
    <Filter Include="Header Files">
      <UniqueIdentifier>{93995380-89BD-4b04-88EB-625FBE52EBFB}</UniqueIdentifier>
      <Extensions>h;hh;hpp;hxx;h++;hm;inl;inc;ipp;xsd</Extensions>
    </Filter>
    <Filter Include="Resource Files">
      <UniqueIdentifier>{67DA6AB6-F800-4c08-8B7A-83BB121AAD01}</UniqueIdentifier>
      <Extensions>rc;ico;cur;bmp;dlg;rc2;rct;bin;rgs;gif;jpg;jpeg;jpe;resx;tiff;tif;png;wav;mfcribbon-ms</Extensions>
    </Filter>
  </ItemGroup>
  <ItemGroup>
    <ClCompile Include="src\scene\camera.cpp">
      <Filter>Source Files</Filter>
    </ClCompile>
    <ClCompile Include="src\core\input.cpp">
      <Filter>Source Files</Filter>
    </ClCompile>
    <ClCompile Include="src\renderer\renderer.cpp">
      <Filter>Source Files</Filter>
    </ClCompile>
    <ClCompile Include="src\scene\scene.cpp">
      <Filter>Source Files</Filter>
    </ClCompile>
    <ClCompile Include="src\scene\wall.cpp">
      <Filter>Source Files</Filter>
    </ClCompile>
    <ClCompile Include="..\Vendor\glad\src\glad.c">
      <Filter>Source Files</Filter>
    </ClCompile>
    <ClCompile Include="..\Vendor\stb_image\stb_image.cpp">
      <Filter>Source Files</Filter>
    </ClCompile>
    <ClCompile Include="src\main.cpp">
      <Filter>Source Files</Filter>
    </ClCompile>
    <ClCompile Include="src\core\engine.cpp">
      <Filter>Source Files</Filter>
    </ClCompile>
    <ClCompile Include="src\core\window.cpp">
      <Filter>Source Files</Filter>
    </ClCompile>
    <ClCompile Include="..\Vendor\imgui\imgui.cpp">
      <Filter>Source Files</Filter>
    </ClCompile>
    <ClCompile Include="..\Vendor\imgui\imgui_demo.cpp">
      <Filter>Source Files</Filter>
    </ClCompile>
    <ClCompile Include="..\Vendor\imgui\imgui_draw.cpp">
      <Filter>Source Files</Filter>
    </ClCompile>
    <ClCompile Include="..\Vendor\imgui\imgui_tables.cpp">
      <Filter>Source Files</Filter>
    </ClCompile>
    <ClCompile Include="..\Vendor\imgui\imgui_widgets.cpp">
      <Filter>Source Files</Filter>
    </ClCompile>
    <ClCompile Include="..\Vendor\imgui\backends\imgui_impl_opengl3.cpp">
      <Filter>Source Files</Filter>
    </ClCompile>
    <ClCompile Include="..\Vendor\imgui\backends\imgui_impl_glfw.cpp">
      <Filter>Source Files</Filter>
    </ClCompile>
    <ClCompile Include="src\core\ui.cpp">
      <Filter>Source Files</Filter>
    </ClCompile>
    <ClCompile Include="src\scene\object.cpp">
      <Filter>Source Files</Filter>
    </ClCompile>
    <ClCompile Include="src\common.cpp">
      <Filter>Source Files</Filter>
    </ClCompile>
    <ClCompile Include="src\BackEnd\OpenGL\GL_backEnd.cpp">
      <Filter>Source Files</Filter>
    </ClCompile>
    <ClCompile Include="src\BackEnd\backend.cpp">
      <Filter>Source Files</Filter>
    </ClCompile>
    <ClCompile Include="src\BackEnd\OpenGL\Types\GL_shader.cpp">
      <Filter>Source Files</Filter>
    </ClCompile>
    <ClCompile Include="src\BackEnd\OpenGL\Types\GL_mesh.cpp">
      <Filter>Source Files</Filter>
    </ClCompile>
    <ClCompile Include="src\BackEnd\OpenGL\Types\GL_textures.cpp">
      <Filter>Source Files</Filter>
    </ClCompile>
    <ClCompile Include="src\BackEnd\OpenGL\Types\GL_skybox.cpp">
      <Filter>Source Files</Filter>
    </ClCompile>
    <ClCompile Include="src\scene\model.cpp">
      <Filter>Source Files</Filter>
    </ClCompile>
    <ClCompile Include="src\BackEnd\types.cpp">
      <Filter>Source Files</Filter>
    </ClCompile>
    <ClCompile Include="src\renderer\render_data.cpp">
      <Filter>Source Files</Filter>
    </ClCompile>
    <ClCompile Include="src\scripting\script_system.cpp">
      <Filter>Source Files</Filter>
    </ClCompile>
    <ClCompile Include="src\core\context_guard.cpp">
      <Filter>Source Files</Filter>
    </ClCompile>
    <ClCompile Include="src\core\ui_app.cpp">
      <Filter>Source Files</Filter>
    </ClCompile>
    <ClCompile Include="src\BackEnd\OpenGL\Types\GL_shadow.cpp">
      <Filter>Source Files</Filter>
    </ClCompile>
  </ItemGroup>
  <ItemGroup>
    <ClInclude Include="src\scene\camera.h">
      <Filter>Header Files</Filter>
    </ClInclude>
    <ClInclude Include="src\common.h">
      <Filter>Header Files</Filter>
    </ClInclude>
    <ClInclude Include="src\core\input.h">
      <Filter>Header Files</Filter>
    </ClInclude>
    <ClInclude Include="src\types\math.h">
      <Filter>Header Files</Filter>
    </ClInclude>
    <ClInclude Include="src\renderer\renderer.h">
      <Filter>Header Files</Filter>
    </ClInclude>
    <ClInclude Include="src\scene\scene.h">
      <Filter>Header Files</Filter>
    </ClInclude>
    <ClInclude Include="src\types\timer.hpp">
      <Filter>Header Files</Filter>
    </ClInclude>
    <ClInclude Include="src\types\util.hpp">
      <Filter>Header Files</Filter>
    </ClInclude>
    <ClInclude Include="src\scene\wall.h">
      <Filter>Header Files</Filter>
    </ClInclude>
    <ClInclude Include="src\core\engine.h">
      <Filter>Header Files</Filter>
    </ClInclude>
    <ClInclude Include="src\core\window.h">
      <Filter>Header Files</Filter>
    </ClInclude>
    <ClInclude Include="src\core\ui.h">
      <Filter>Source Files</Filter>
    </ClInclude>
    <ClInclude Include="src\scene\object.h">
      <Filter>Header Files</Filter>
    </ClInclude>
    <ClInclude Include="src\types\constants.h">
      <Filter>Header Files</Filter>
    </ClInclude>
    <ClInclude Include="src\BackEnd\OpenGL\GL_backEnd.h">
      <Filter>Header Files</Filter>
    </ClInclude>
    <ClInclude Include="src\BackEnd\backend.h">
      <Filter>Header Files</Filter>
    </ClInclude>
    <ClInclude Include="src\BackEnd\OpenGL\Types\GL_shader.h">
      <Filter>Header Files</Filter>
    </ClInclude>
    <ClInclude Include="src\BackEnd\OpenGL\Types\GL_mesh.h">
      <Filter>Header Files</Filter>
    </ClInclude>
    <ClInclude Include="src\BackEnd\OpenGL\GL_common.h">
      <Filter>Header Files</Filter>
    </ClInclude>
    <ClInclude Include="src\BackEnd\OpenGL\Types\GL_textures.h">
      <Filter>Header Files</Filter>
    </ClInclude>
    <ClInclude Include="src\BackEnd\common.h">
      <Filter>Header Files</Filter>
    </ClInclude>
    <ClInclude Include="src\BackEnd\OpenGL\Types\GL_skybox.h">
      <Filter>Header Files</Filter>
    </ClInclude>
    <ClInclude Include="src\scene\model.h">
      <Filter>Header Files</Filter>
    </ClInclude>
    <ClInclude Include="src\BackEnd\types.h">
      <Filter>Header Files</Filter>
    </ClInclude>
    <ClInclude Include="src\renderer\render_data.h">
      <Filter>Header Files</Filter>
    </ClInclude>
    <ClInclude Include="src\scene\transform.h">
      <Filter>Header Files</Filter>
    </ClInclude>
    <ClInclude Include="src\renderer\vertex.h">
      <Filter>Header Files</Filter>
    </ClInclude>
    <ClInclude Include="src\scripting\script_system.h">
      <Filter>Header Files</Filter>
    </ClInclude>
    <ClInclude Include="src\core\context_guard.h">
      <Filter>Header Files</Filter>
    </ClInclude>
    <ClInclude Include="src\core\ui_app.h">
      <Filter>Header Files</Filter>
    </ClInclude>
    <ClInclude Include="src\BackEnd\OpenGL\Types\GL_shadow.h">
      <Filter>Header Files</Filter>
    </ClInclude>
  </ItemGroup>
</Project>